// !$*UTF8*$!
{
	archiveVersion = 1;
	classes = {
	};
	objectVersion = 56;
	objects = {

/* Begin PBXBuildFile section */
		FE2B5C6D2B6E9EBE00A2FEB6 /* jsonSwiftSampleApp.swift in Sources */ = {isa = PBXBuildFile; fileRef = FE2B5C6C2B6E9EBE00A2FEB6 /* jsonSwiftSampleApp.swift */; };
		FE2B5C6F2B6E9EBE00A2FEB6 /* ContentView.swift in Sources */ = {isa = PBXBuildFile; fileRef = FE2B5C6E2B6E9EBE00A2FEB6 /* ContentView.swift */; };
		FE2B5C712B6E9EBF00A2FEB6 /* Assets.xcassets in Resources */ = {isa = PBXBuildFile; fileRef = FE2B5C702B6E9EBF00A2FEB6 /* Assets.xcassets */; };
		FE2B5C742B6E9EBF00A2FEB6 /* Preview Assets.xcassets in Resources */ = {isa = PBXBuildFile; fileRef = FE2B5C732B6E9EBF00A2FEB6 /* Preview Assets.xcassets */; };
		FE2B5C7E2B6E9EBF00A2FEB6 /* jsonSwiftSampleTests.swift in Sources */ = {isa = PBXBuildFile; fileRef = FE2B5C7D2B6E9EBF00A2FEB6 /* jsonSwiftSampleTests.swift */; };
		FE2B5C882B6E9EBF00A2FEB6 /* jsonSwiftSampleUITests.swift in Sources */ = {isa = PBXBuildFile; fileRef = FE2B5C872B6E9EBF00A2FEB6 /* jsonSwiftSampleUITests.swift */; };
		FE2B5C8A2B6E9EBF00A2FEB6 /* jsonSwiftSampleUITestsLaunchTests.swift in Sources */ = {isa = PBXBuildFile; fileRef = FE2B5C892B6E9EBF00A2FEB6 /* jsonSwiftSampleUITestsLaunchTests.swift */; };
/* End PBXBuildFile section */

/* Begin PBXContainerItemProxy section */
		FE2B5C7A2B6E9EBF00A2FEB6 /* PBXContainerItemProxy */ = {
			isa = PBXContainerItemProxy;
			containerPortal = FE2B5C612B6E9EBE00A2FEB6 /* Project object */;
			proxyType = 1;
			remoteGlobalIDString = FE2B5C682B6E9EBE00A2FEB6;
			remoteInfo = jsonSwiftSample;
		};
		FE2B5C842B6E9EBF00A2FEB6 /* PBXContainerItemProxy */ = {
			isa = PBXContainerItemProxy;
			containerPortal = FE2B5C612B6E9EBE00A2FEB6 /* Project object */;
			proxyType = 1;
			remoteGlobalIDString = FE2B5C682B6E9EBE00A2FEB6;
			remoteInfo = jsonSwiftSample;
		};
/* End PBXContainerItemProxy section */

/* Begin PBXFileReference section */
		FE2B5C692B6E9EBE00A2FEB6 /* jsonSwiftSample.app */ = {isa = PBXFileReference; explicitFileType = wrapper.application; includeInIndex = 0; path = jsonSwiftSample.app; sourceTree = BUILT_PRODUCTS_DIR; };
		FE2B5C6C2B6E9EBE00A2FEB6 /* jsonSwiftSampleApp.swift */ = {isa = PBXFileReference; lastKnownFileType = sourcecode.swift; path = jsonSwiftSampleApp.swift; sourceTree = "<group>"; };
		FE2B5C6E2B6E9EBE00A2FEB6 /* ContentView.swift */ = {isa = PBXFileReference; lastKnownFileType = sourcecode.swift; path = ContentView.swift; sourceTree = "<group>"; };
		FE2B5C702B6E9EBF00A2FEB6 /* Assets.xcassets */ = {isa = PBXFileReference; lastKnownFileType = folder.assetcatalog; path = Assets.xcassets; sourceTree = "<group>"; };
		FE2B5C732B6E9EBF00A2FEB6 /* Preview Assets.xcassets */ = {isa = PBXFileReference; lastKnownFileType = folder.assetcatalog; path = "Preview Assets.xcassets"; sourceTree = "<group>"; };
		FE2B5C792B6E9EBF00A2FEB6 /* jsonSwiftSampleTests.xctest */ = {isa = PBXFileReference; explicitFileType = wrapper.cfbundle; includeInIndex = 0; path = jsonSwiftSampleTests.xctest; sourceTree = BUILT_PRODUCTS_DIR; };
		FE2B5C7D2B6E9EBF00A2FEB6 /* jsonSwiftSampleTests.swift */ = {isa = PBXFileReference; lastKnownFileType = sourcecode.swift; path = jsonSwiftSampleTests.swift; sourceTree = "<group>"; };
		FE2B5C832B6E9EBF00A2FEB6 /* jsonSwiftSampleUITests.xctest */ = {isa = PBXFileReference; explicitFileType = wrapper.cfbundle; includeInIndex = 0; path = jsonSwiftSampleUITests.xctest; sourceTree = BUILT_PRODUCTS_DIR; };
		FE2B5C872B6E9EBF00A2FEB6 /* jsonSwiftSampleUITests.swift */ = {isa = PBXFileReference; lastKnownFileType = sourcecode.swift; path = jsonSwiftSampleUITests.swift; sourceTree = "<group>"; };
		FE2B5C892B6E9EBF00A2FEB6 /* jsonSwiftSampleUITestsLaunchTests.swift */ = {isa = PBXFileReference; lastKnownFileType = sourcecode.swift; path = jsonSwiftSampleUITestsLaunchTests.swift; sourceTree = "<group>"; };
/* End PBXFileReference section */

/* Begin PBXFrameworksBuildPhase section */
		FE2B5C662B6E9EBE00A2FEB6 /* Frameworks */ = {
			isa = PBXFrameworksBuildPhase;
			buildActionMask = 2147483647;
			files = (
			);
			runOnlyForDeploymentPostprocessing = 0;
		};
		FE2B5C762B6E9EBF00A2FEB6 /* Frameworks */ = {
			isa = PBXFrameworksBuildPhase;
			buildActionMask = 2147483647;
			files = (
			);
			runOnlyForDeploymentPostprocessing = 0;
		};
		FE2B5C802B6E9EBF00A2FEB6 /* Frameworks */ = {
			isa = PBXFrameworksBuildPhase;
			buildActionMask = 2147483647;
			files = (
			);
			runOnlyForDeploymentPostprocessing = 0;
		};
/* End PBXFrameworksBuildPhase section */

/* Begin PBXGroup section */
		FE2B5C602B6E9EBE00A2FEB6 = {
			isa = PBXGroup;
			children = (
				FE2B5C6B2B6E9EBE00A2FEB6 /* jsonSwiftSample */,
				FE2B5C7C2B6E9EBF00A2FEB6 /* jsonSwiftSampleTests */,
				FE2B5C862B6E9EBF00A2FEB6 /* jsonSwiftSampleUITests */,
				FE2B5C6A2B6E9EBE00A2FEB6 /* Products */,
			);
			sourceTree = "<group>";
		};
		FE2B5C6A2B6E9EBE00A2FEB6 /* Products */ = {
			isa = PBXGroup;
			children = (
				FE2B5C692B6E9EBE00A2FEB6 /* jsonSwiftSample.app */,
				FE2B5C792B6E9EBF00A2FEB6 /* jsonSwiftSampleTests.xctest */,
				FE2B5C832B6E9EBF00A2FEB6 /* jsonSwiftSampleUITests.xctest */,
			);
			name = Products;
			sourceTree = "<group>";
		};
		FE2B5C6B2B6E9EBE00A2FEB6 /* jsonSwiftSample */ = {
			isa = PBXGroup;
			children = (
				FE2B5C6C2B6E9EBE00A2FEB6 /* jsonSwiftSampleApp.swift */,
				FE2B5C6E2B6E9EBE00A2FEB6 /* ContentView.swift */,
				FE2B5C702B6E9EBF00A2FEB6 /* Assets.xcassets */,
				FE2B5C722B6E9EBF00A2FEB6 /* Preview Content */,
			);
			path = jsonSwiftSample;
			sourceTree = "<group>";
		};
		FE2B5C722B6E9EBF00A2FEB6 /* Preview Content */ = {
			isa = PBXGroup;
			children = (
				FE2B5C732B6E9EBF00A2FEB6 /* Preview Assets.xcassets */,
			);
			path = "Preview Content";
			sourceTree = "<group>";
		};
		FE2B5C7C2B6E9EBF00A2FEB6 /* jsonSwiftSampleTests */ = {
			isa = PBXGroup;
			children = (
				FE2B5C7D2B6E9EBF00A2FEB6 /* jsonSwiftSampleTests.swift */,
			);
			path = jsonSwiftSampleTests;
			sourceTree = "<group>";
		};
		FE2B5C862B6E9EBF00A2FEB6 /* jsonSwiftSampleUITests */ = {
			isa = PBXGroup;
			children = (
				FE2B5C872B6E9EBF00A2FEB6 /* jsonSwiftSampleUITests.swift */,
				FE2B5C892B6E9EBF00A2FEB6 /* jsonSwiftSampleUITestsLaunchTests.swift */,
			);
			path = jsonSwiftSampleUITests;
			sourceTree = "<group>";
		};
/* End PBXGroup section */

/* Begin PBXNativeTarget section */
		FE2B5C682B6E9EBE00A2FEB6 /* jsonSwiftSample */ = {
			isa = PBXNativeTarget;
			buildConfigurationList = FE2B5C8D2B6E9EBF00A2FEB6 /* Build configuration list for PBXNativeTarget "jsonSwiftSample" */;
			buildPhases = (
				FE2B5C652B6E9EBE00A2FEB6 /* Sources */,
				FE2B5C662B6E9EBE00A2FEB6 /* Frameworks */,
				FE2B5C672B6E9EBE00A2FEB6 /* Resources */,
			);
			buildRules = (
			);
			dependencies = (
			);
			name = jsonSwiftSample;
			productName = jsonSwiftSample;
			productReference = FE2B5C692B6E9EBE00A2FEB6 /* jsonSwiftSample.app */;
			productType = "com.apple.product-type.application";
		};
		FE2B5C782B6E9EBF00A2FEB6 /* jsonSwiftSampleTests */ = {
			isa = PBXNativeTarget;
			buildConfigurationList = FE2B5C902B6E9EBF00A2FEB6 /* Build configuration list for PBXNativeTarget "jsonSwiftSampleTests" */;
			buildPhases = (
				FE2B5C752B6E9EBF00A2FEB6 /* Sources */,
				FE2B5C762B6E9EBF00A2FEB6 /* Frameworks */,
				FE2B5C772B6E9EBF00A2FEB6 /* Resources */,
			);
			buildRules = (
			);
			dependencies = (
				FE2B5C7B2B6E9EBF00A2FEB6 /* PBXTargetDependency */,
			);
			name = jsonSwiftSampleTests;
			productName = jsonSwiftSampleTests;
			productReference = FE2B5C792B6E9EBF00A2FEB6 /* jsonSwiftSampleTests.xctest */;
			productType = "com.apple.product-type.bundle.unit-test";
		};
		FE2B5C822B6E9EBF00A2FEB6 /* jsonSwiftSampleUITests */ = {
			isa = PBXNativeTarget;
			buildConfigurationList = FE2B5C932B6E9EBF00A2FEB6 /* Build configuration list for PBXNativeTarget "jsonSwiftSampleUITests" */;
			buildPhases = (
				FE2B5C7F2B6E9EBF00A2FEB6 /* Sources */,
				FE2B5C802B6E9EBF00A2FEB6 /* Frameworks */,
				FE2B5C812B6E9EBF00A2FEB6 /* Resources */,
			);
			buildRules = (
			);
			dependencies = (
				FE2B5C852B6E9EBF00A2FEB6 /* PBXTargetDependency */,
			);
			name = jsonSwiftSampleUITests;
			productName = jsonSwiftSampleUITests;
			productReference = FE2B5C832B6E9EBF00A2FEB6 /* jsonSwiftSampleUITests.xctest */;
			productType = "com.apple.product-type.bundle.ui-testing";
		};
/* End PBXNativeTarget section */

/* Begin PBXProject section */
		FE2B5C612B6E9EBE00A2FEB6 /* Project object */ = {
			isa = PBXProject;
			attributes = {
				BuildIndependentTargetsInParallel = 1;
				LastSwiftUpdateCheck = 1520;
				LastUpgradeCheck = 1520;
				TargetAttributes = {
					FE2B5C682B6E9EBE00A2FEB6 = {
						CreatedOnToolsVersion = 15.2;
					};
					FE2B5C782B6E9EBF00A2FEB6 = {
						CreatedOnToolsVersion = 15.2;
						TestTargetID = FE2B5C682B6E9EBE00A2FEB6;
					};
					FE2B5C822B6E9EBF00A2FEB6 = {
						CreatedOnToolsVersion = 15.2;
						TestTargetID = FE2B5C682B6E9EBE00A2FEB6;
					};
				};
			};
			buildConfigurationList = FE2B5C642B6E9EBE00A2FEB6 /* Build configuration list for PBXProject "jsonSwiftSample" */;
			compatibilityVersion = "Xcode 14.0";
			developmentRegion = en;
			hasScannedForEncodings = 0;
			knownRegions = (
				en,
				Base,
			);
			mainGroup = FE2B5C602B6E9EBE00A2FEB6;
			productRefGroup = FE2B5C6A2B6E9EBE00A2FEB6 /* Products */;
			projectDirPath = "";
			projectRoot = "";
			targets = (
				FE2B5C682B6E9EBE00A2FEB6 /* jsonSwiftSample */,
				FE2B5C782B6E9EBF00A2FEB6 /* jsonSwiftSampleTests */,
				FE2B5C822B6E9EBF00A2FEB6 /* jsonSwiftSampleUITests */,
			);
		};
/* End PBXProject section */

/* Begin PBXResourcesBuildPhase section */
		FE2B5C672B6E9EBE00A2FEB6 /* Resources */ = {
			isa = PBXResourcesBuildPhase;
			buildActionMask = 2147483647;
			files = (
				FE2B5C742B6E9EBF00A2FEB6 /* Preview Assets.xcassets in Resources */,
				FE2B5C712B6E9EBF00A2FEB6 /* Assets.xcassets in Resources */,
			);
			runOnlyForDeploymentPostprocessing = 0;
		};
		FE2B5C772B6E9EBF00A2FEB6 /* Resources */ = {
			isa = PBXResourcesBuildPhase;
			buildActionMask = 2147483647;
			files = (
			);
			runOnlyForDeploymentPostprocessing = 0;
		};
		FE2B5C812B6E9EBF00A2FEB6 /* Resources */ = {
			isa = PBXResourcesBuildPhase;
			buildActionMask = 2147483647;
			files = (
			);
			runOnlyForDeploymentPostprocessing = 0;
		};
/* End PBXResourcesBuildPhase section */

/* Begin PBXSourcesBuildPhase section */
		FE2B5C652B6E9EBE00A2FEB6 /* Sources */ = {
			isa = PBXSourcesBuildPhase;
			buildActionMask = 2147483647;
			files = (
				FE2B5C6F2B6E9EBE00A2FEB6 /* ContentView.swift in Sources */,
				FE2B5C6D2B6E9EBE00A2FEB6 /* jsonSwiftSampleApp.swift in Sources */,
			);
			runOnlyForDeploymentPostprocessing = 0;
		};
		FE2B5C752B6E9EBF00A2FEB6 /* Sources */ = {
			isa = PBXSourcesBuildPhase;
			buildActionMask = 2147483647;
			files = (
				FE2B5C7E2B6E9EBF00A2FEB6 /* jsonSwiftSampleTests.swift in Sources */,
			);
			runOnlyForDeploymentPostprocessing = 0;
		};
		FE2B5C7F2B6E9EBF00A2FEB6 /* Sources */ = {
			isa = PBXSourcesBuildPhase;
			buildActionMask = 2147483647;
			files = (
				FE2B5C8A2B6E9EBF00A2FEB6 /* jsonSwiftSampleUITestsLaunchTests.swift in Sources */,
				FE2B5C882B6E9EBF00A2FEB6 /* jsonSwiftSampleUITests.swift in Sources */,
			);
			runOnlyForDeploymentPostprocessing = 0;
		};
/* End PBXSourcesBuildPhase section */

/* Begin PBXTargetDependency section */
		FE2B5C7B2B6E9EBF00A2FEB6 /* PBXTargetDependency */ = {
			isa = PBXTargetDependency;
			target = FE2B5C682B6E9EBE00A2FEB6 /* jsonSwiftSample */;
			targetProxy = FE2B5C7A2B6E9EBF00A2FEB6 /* PBXContainerItemProxy */;
		};
		FE2B5C852B6E9EBF00A2FEB6 /* PBXTargetDependency */ = {
			isa = PBXTargetDependency;
			target = FE2B5C682B6E9EBE00A2FEB6 /* jsonSwiftSample */;
			targetProxy = FE2B5C842B6E9EBF00A2FEB6 /* PBXContainerItemProxy */;
		};
/* End PBXTargetDependency section */

/* Begin XCBuildConfiguration section */
		FE2B5C8B2B6E9EBF00A2FEB6 /* Debug */ = {
			isa = XCBuildConfiguration;
			buildSettings = {
				ALWAYS_SEARCH_USER_PATHS = NO;
				ASSETCATALOG_COMPILER_GENERATE_SWIFT_ASSET_SYMBOL_EXTENSIONS = YES;
				CLANG_ANALYZER_NONNULL = YES;
				CLANG_ANALYZER_NUMBER_OBJECT_CONVERSION = YES_AGGRESSIVE;
				CLANG_CXX_LANGUAGE_STANDARD = "gnu++20";
				CLANG_ENABLE_MODULES = YES;
				CLANG_ENABLE_OBJC_ARC = YES;
				CLANG_ENABLE_OBJC_WEAK = YES;
				CLANG_WARN_BLOCK_CAPTURE_AUTORELEASING = YES;
				CLANG_WARN_BOOL_CONVERSION = YES;
				CLANG_WARN_COMMA = YES;
				CLANG_WARN_CONSTANT_CONVERSION = YES;
				CLANG_WARN_DEPRECATED_OBJC_IMPLEMENTATIONS = YES;
				CLANG_WARN_DIRECT_OBJC_ISA_USAGE = YES_ERROR;
				CLANG_WARN_DOCUMENTATION_COMMENTS = YES;
				CLANG_WARN_EMPTY_BODY = YES;
				CLANG_WARN_ENUM_CONVERSION = YES;
				CLANG_WARN_INFINITE_RECURSION = YES;
				CLANG_WARN_INT_CONVERSION = YES;
				CLANG_WARN_NON_LITERAL_NULL_CONVERSION = YES;
				CLANG_WARN_OBJC_IMPLICIT_RETAIN_SELF = YES;
				CLANG_WARN_OBJC_LITERAL_CONVERSION = YES;
				CLANG_WARN_OBJC_ROOT_CLASS = YES_ERROR;
				CLANG_WARN_QUOTED_INCLUDE_IN_FRAMEWORK_HEADER = YES;
				CLANG_WARN_RANGE_LOOP_ANALYSIS = YES;
				CLANG_WARN_STRICT_PROTOTYPES = YES;
				CLANG_WARN_SUSPICIOUS_MOVE = YES;
				CLANG_WARN_UNGUARDED_AVAILABILITY = YES_AGGRESSIVE;
				CLANG_WARN_UNREACHABLE_CODE = YES;
				CLANG_WARN__DUPLICATE_METHOD_MATCH = YES;
				COPY_PHASE_STRIP = NO;
				DEBUG_INFORMATION_FORMAT = dwarf;
				ENABLE_STRICT_OBJC_MSGSEND = YES;
				ENABLE_TESTABILITY = YES;
				ENABLE_USER_SCRIPT_SANDBOXING = YES;
				GCC_C_LANGUAGE_STANDARD = gnu17;
				GCC_DYNAMIC_NO_PIC = NO;
				GCC_NO_COMMON_BLOCKS = YES;
				GCC_OPTIMIZATION_LEVEL = 0;
				GCC_PREPROCESSOR_DEFINITIONS = (
					"DEBUG=1",
					"$(inherited)",
				);
				GCC_WARN_64_TO_32_BIT_CONVERSION = YES;
				GCC_WARN_ABOUT_RETURN_TYPE = YES_ERROR;
				GCC_WARN_UNDECLARED_SELECTOR = YES;
				GCC_WARN_UNINITIALIZED_AUTOS = YES_AGGRESSIVE;
				GCC_WARN_UNUSED_FUNCTION = YES;
				GCC_WARN_UNUSED_VARIABLE = YES;
				IPHONEOS_DEPLOYMENT_TARGET = 17.2;
				LOCALIZATION_PREFERS_STRING_CATALOGS = YES;
				MTL_ENABLE_DEBUG_INFO = INCLUDE_SOURCE;
				MTL_FAST_MATH = YES;
				ONLY_ACTIVE_ARCH = YES;
				SDKROOT = iphoneos;
				SWIFT_ACTIVE_COMPILATION_CONDITIONS = "DEBUG $(inherited)";
				SWIFT_OPTIMIZATION_LEVEL = "-Onone";
			};
			name = Debug;
		};
		FE2B5C8C2B6E9EBF00A2FEB6 /* Release */ = {
			isa = XCBuildConfiguration;
			buildSettings = {
				ALWAYS_SEARCH_USER_PATHS = NO;
				ASSETCATALOG_COMPILER_GENERATE_SWIFT_ASSET_SYMBOL_EXTENSIONS = YES;
				CLANG_ANALYZER_NONNULL = YES;
				CLANG_ANALYZER_NUMBER_OBJECT_CONVERSION = YES_AGGRESSIVE;
				CLANG_CXX_LANGUAGE_STANDARD = "gnu++20";
				CLANG_ENABLE_MODULES = YES;
				CLANG_ENABLE_OBJC_ARC = YES;
				CLANG_ENABLE_OBJC_WEAK = YES;
				CLANG_WARN_BLOCK_CAPTURE_AUTORELEASING = YES;
				CLANG_WARN_BOOL_CONVERSION = YES;
				CLANG_WARN_COMMA = YES;
				CLANG_WARN_CONSTANT_CONVERSION = YES;
				CLANG_WARN_DEPRECATED_OBJC_IMPLEMENTATIONS = YES;
				CLANG_WARN_DIRECT_OBJC_ISA_USAGE = YES_ERROR;
				CLANG_WARN_DOCUMENTATION_COMMENTS = YES;
				CLANG_WARN_EMPTY_BODY = YES;
				CLANG_WARN_ENUM_CONVERSION = YES;
				CLANG_WARN_INFINITE_RECURSION = YES;
				CLANG_WARN_INT_CONVERSION = YES;
				CLANG_WARN_NON_LITERAL_NULL_CONVERSION = YES;
				CLANG_WARN_OBJC_IMPLICIT_RETAIN_SELF = YES;
				CLANG_WARN_OBJC_LITERAL_CONVERSION = YES;
				CLANG_WARN_OBJC_ROOT_CLASS = YES_ERROR;
				CLANG_WARN_QUOTED_INCLUDE_IN_FRAMEWORK_HEADER = YES;
				CLANG_WARN_RANGE_LOOP_ANALYSIS = YES;
				CLANG_WARN_STRICT_PROTOTYPES = YES;
				CLANG_WARN_SUSPICIOUS_MOVE = YES;
				CLANG_WARN_UNGUARDED_AVAILABILITY = YES_AGGRESSIVE;
				CLANG_WARN_UNREACHABLE_CODE = YES;
				CLANG_WARN__DUPLICATE_METHOD_MATCH = YES;
				COPY_PHASE_STRIP = NO;
				DEBUG_INFORMATION_FORMAT = "dwarf-with-dsym";
				ENABLE_NS_ASSERTIONS = NO;
				ENABLE_STRICT_OBJC_MSGSEND = YES;
				ENABLE_USER_SCRIPT_SANDBOXING = YES;
				GCC_C_LANGUAGE_STANDARD = gnu17;
				GCC_NO_COMMON_BLOCKS = YES;
				GCC_WARN_64_TO_32_BIT_CONVERSION = YES;
				GCC_WARN_ABOUT_RETURN_TYPE = YES_ERROR;
				GCC_WARN_UNDECLARED_SELECTOR = YES;
				GCC_WARN_UNINITIALIZED_AUTOS = YES_AGGRESSIVE;
				GCC_WARN_UNUSED_FUNCTION = YES;
				GCC_WARN_UNUSED_VARIABLE = YES;
				IPHONEOS_DEPLOYMENT_TARGET = 17.2;
				LOCALIZATION_PREFERS_STRING_CATALOGS = YES;
				MTL_ENABLE_DEBUG_INFO = NO;
				MTL_FAST_MATH = YES;
				SDKROOT = iphoneos;
				SWIFT_COMPILATION_MODE = wholemodule;
				VALIDATE_PRODUCT = YES;
			};
			name = Release;
		};
		FE2B5C8E2B6E9EBF00A2FEB6 /* Debug */ = {
			isa = XCBuildConfiguration;
			buildSettings = {
				ASSETCATALOG_COMPILER_APPICON_NAME = AppIcon;
				ASSETCATALOG_COMPILER_GLOBAL_ACCENT_COLOR_NAME = AccentColor;
				CODE_SIGN_STYLE = Automatic;
				CURRENT_PROJECT_VERSION = 1;
				DEVELOPMENT_ASSET_PATHS = "\"jsonSwiftSample/Preview Content\"";
				DEVELOPMENT_TEAM = J34G8UJ36W;
				ENABLE_PREVIEWS = YES;
				GENERATE_INFOPLIST_FILE = YES;
				INFOPLIST_KEY_UIApplicationSceneManifest_Generation = YES;
				INFOPLIST_KEY_UIApplicationSupportsIndirectInputEvents = YES;
				INFOPLIST_KEY_UILaunchScreen_Generation = YES;
				INFOPLIST_KEY_UISupportedInterfaceOrientations_iPad = "UIInterfaceOrientationPortrait UIInterfaceOrientationPortraitUpsideDown UIInterfaceOrientationLandscapeLeft UIInterfaceOrientationLandscapeRight";
				INFOPLIST_KEY_UISupportedInterfaceOrientations_iPhone = "UIInterfaceOrientationPortrait UIInterfaceOrientationLandscapeLeft UIInterfaceOrientationLandscapeRight";
				LD_RUNPATH_SEARCH_PATHS = (
					"$(inherited)",
					"@executable_path/Frameworks",
				);
				MARKETING_VERSION = 1.0;
				PRODUCT_BUNDLE_IDENTIFIER = com.rfsouto.jsonSwiftSample;
				PRODUCT_NAME = "$(TARGET_NAME)";
				SWIFT_EMIT_LOC_STRINGS = YES;
				SWIFT_VERSION = 5.0;
				TARGETED_DEVICE_FAMILY = "1,2";
			};
			name = Debug;
		};
		FE2B5C8F2B6E9EBF00A2FEB6 /* Release */ = {
			isa = XCBuildConfiguration;
			buildSettings = {
				ASSETCATALOG_COMPILER_APPICON_NAME = AppIcon;
				ASSETCATALOG_COMPILER_GLOBAL_ACCENT_COLOR_NAME = AccentColor;
				CODE_SIGN_STYLE = Automatic;
				CURRENT_PROJECT_VERSION = 1;
				DEVELOPMENT_ASSET_PATHS = "\"jsonSwiftSample/Preview Content\"";
				DEVELOPMENT_TEAM = J34G8UJ36W;
				ENABLE_PREVIEWS = YES;
				GENERATE_INFOPLIST_FILE = YES;
				INFOPLIST_KEY_UIApplicationSceneManifest_Generation = YES;
				INFOPLIST_KEY_UIApplicationSupportsIndirectInputEvents = YES;
				INFOPLIST_KEY_UILaunchScreen_Generation = YES;
				INFOPLIST_KEY_UISupportedInterfaceOrientations_iPad = "UIInterfaceOrientationPortrait UIInterfaceOrientationPortraitUpsideDown UIInterfaceOrientationLandscapeLeft UIInterfaceOrientationLandscapeRight";
				INFOPLIST_KEY_UISupportedInterfaceOrientations_iPhone = "UIInterfaceOrientationPortrait UIInterfaceOrientationLandscapeLeft UIInterfaceOrientationLandscapeRight";
				LD_RUNPATH_SEARCH_PATHS = (
					"$(inherited)",
					"@executable_path/Frameworks",
				);
				MARKETING_VERSION = 1.0;
				PRODUCT_BUNDLE_IDENTIFIER = com.rfsouto.jsonSwiftSample;
				PRODUCT_NAME = "$(TARGET_NAME)";
				SWIFT_EMIT_LOC_STRINGS = YES;
				SWIFT_VERSION = 5.0;
				TARGETED_DEVICE_FAMILY = "1,2";
			};
			name = Release;
		};
		FE2B5C912B6E9EBF00A2FEB6 /* Debug */ = {
			isa = XCBuildConfiguration;
			buildSettings = {
				ALWAYS_EMBED_SWIFT_STANDARD_LIBRARIES = YES;
				BUNDLE_LOADER = "$(TEST_HOST)";
				CODE_SIGN_STYLE = Automatic;
				CURRENT_PROJECT_VERSION = 1;
				DEVELOPMENT_TEAM = J34G8UJ36W;
				GENERATE_INFOPLIST_FILE = YES;
				IPHONEOS_DEPLOYMENT_TARGET = 17.2;
				MARKETING_VERSION = 1.0;
				PRODUCT_BUNDLE_IDENTIFIER = com.rfsouto.jsonSwiftSampleTests;
				PRODUCT_NAME = "$(TARGET_NAME)";
				SWIFT_EMIT_LOC_STRINGS = NO;
				SWIFT_VERSION = 5.0;
				TARGETED_DEVICE_FAMILY = "1,2";
				TEST_HOST = "$(BUILT_PRODUCTS_DIR)/jsonSwiftSample.app/$(BUNDLE_EXECUTABLE_FOLDER_PATH)/jsonSwiftSample";
			};
			name = Debug;
		};
		FE2B5C922B6E9EBF00A2FEB6 /* Release */ = {
			isa = XCBuildConfiguration;
			buildSettings = {
				ALWAYS_EMBED_SWIFT_STANDARD_LIBRARIES = YES;
				BUNDLE_LOADER = "$(TEST_HOST)";
				CODE_SIGN_STYLE = Automatic;
				CURRENT_PROJECT_VERSION = 1;
				DEVELOPMENT_TEAM = J34G8UJ36W;
				GENERATE_INFOPLIST_FILE = YES;
				IPHONEOS_DEPLOYMENT_TARGET = 17.2;
				MARKETING_VERSION = 1.0;
				PRODUCT_BUNDLE_IDENTIFIER = com.rfsouto.jsonSwiftSampleTests;
				PRODUCT_NAME = "$(TARGET_NAME)";
				SWIFT_EMIT_LOC_STRINGS = NO;
				SWIFT_VERSION = 5.0;
				TARGETED_DEVICE_FAMILY = "1,2";
				TEST_HOST = "$(BUILT_PRODUCTS_DIR)/jsonSwiftSample.app/$(BUNDLE_EXECUTABLE_FOLDER_PATH)/jsonSwiftSample";
			};
			name = Release;
		};
		FE2B5C942B6E9EBF00A2FEB6 /* Debug */ = {
			isa = XCBuildConfiguration;
			buildSettings = {
				ALWAYS_EMBED_SWIFT_STANDARD_LIBRARIES = YES;
				CODE_SIGN_STYLE = Automatic;
				CURRENT_PROJECT_VERSION = 1;
				DEVELOPMENT_TEAM = J34G8UJ36W;
				GENERATE_INFOPLIST_FILE = YES;
				MARKETING_VERSION = 1.0;
				PRODUCT_BUNDLE_IDENTIFIER = com.rfsouto.jsonSwiftSampleUITests;
				PRODUCT_NAME = "$(TARGET_NAME)";
				SWIFT_EMIT_LOC_STRINGS = NO;
				SWIFT_VERSION = 5.0;
				TARGETED_DEVICE_FAMILY = "1,2";
				TEST_TARGET_NAME = jsonSwiftSample;
			};
			name = Debug;
		};
		FE2B5C952B6E9EBF00A2FEB6 /* Release */ = {
			isa = XCBuildConfiguration;
			buildSettings = {
				ALWAYS_EMBED_SWIFT_STANDARD_LIBRARIES = YES;
				CODE_SIGN_STYLE = Automatic;
				CURRENT_PROJECT_VERSION = 1;
				DEVELOPMENT_TEAM = J34G8UJ36W;
				GENERATE_INFOPLIST_FILE = YES;
				MARKETING_VERSION = 1.0;
				PRODUCT_BUNDLE_IDENTIFIER = com.rfsouto.jsonSwiftSampleUITests;
				PRODUCT_NAME = "$(TARGET_NAME)";
				SWIFT_EMIT_LOC_STRINGS = NO;
				SWIFT_VERSION = 5.0;
				TARGETED_DEVICE_FAMILY = "1,2";
				TEST_TARGET_NAME = jsonSwiftSample;
			};
			name = Release;
		};
/* End XCBuildConfiguration section */

/* Begin XCConfigurationList section */
		FE2B5C642B6E9EBE00A2FEB6 /* Build configuration list for PBXProject "jsonSwiftSample" */ = {
			isa = XCConfigurationList;
			buildConfigurations = (
				FE2B5C8B2B6E9EBF00A2FEB6 /* Debug */,
				FE2B5C8C2B6E9EBF00A2FEB6 /* Release */,
			);
			defaultConfigurationIsVisible = 0;
			defaultConfigurationName = Release;
		};
		FE2B5C8D2B6E9EBF00A2FEB6 /* Build configuration list for PBXNativeTarget "jsonSwiftSample" */ = {
			isa = XCConfigurationList;
			buildConfigurations = (
				FE2B5C8E2B6E9EBF00A2FEB6 /* Debug */,
				FE2B5C8F2B6E9EBF00A2FEB6 /* Release */,
			);
			defaultConfigurationIsVisible = 0;
			defaultConfigurationName = Release;
		};
		FE2B5C902B6E9EBF00A2FEB6 /* Build configuration list for PBXNativeTarget "jsonSwiftSampleTests" */ = {
			isa = XCConfigurationList;
			buildConfigurations = (
				FE2B5C912B6E9EBF00A2FEB6 /* Debug */,
				FE2B5C922B6E9EBF00A2FEB6 /* Release */,
			);
			defaultConfigurationIsVisible = 0;
			defaultConfigurationName = Release;
		};
		FE2B5C932B6E9EBF00A2FEB6 /* Build configuration list for PBXNativeTarget "jsonSwiftSampleUITests" */ = {
			isa = XCConfigurationList;
			buildConfigurations = (
				FE2B5C942B6E9EBF00A2FEB6 /* Debug */,
				FE2B5C952B6E9EBF00A2FEB6 /* Release */,
			);
			defaultConfigurationIsVisible = 0;
			defaultConfigurationName = Release;
		};
/* End XCConfigurationList section */
	};
	rootObject = FE2B5C612B6E9EBE00A2FEB6 /* Project object */;
}
